
Microsoft Visual Studio Solution File, Format Version 12.00
# Visual Studio Version 17
VisualStudioVersion = 17.0.32014.148
MinimumVisualStudioVersion = 10.0.40219.1
Project("{FAE04EC0-301F-11D3-BF4B-00C04F79EFBC}") = "BMG User System", "BMG User System\BMG User System.csproj", "{60055010-0640-476B-9122-629539814067}"
EndProject
Global
	GlobalSection(SolutionConfigurationPlatforms) = preSolution
		Debug|Any CPU = Debug|Any CPU
		Release|Any CPU = Release|Any CPU
	EndGlobalSection
	GlobalSection(ProjectConfigurationPlatforms) = postSolution
		{60055010-0640-476B-9122-629539814067}.Debug|Any CPU.ActiveCfg = Debug|Any CPU
		{60055010-0640-476B-9122-629539814067}.Debug|Any CPU.Build.0 = Debug|Any CPU
		{60055010-0640-476B-9122-629539814067}.Release|Any CPU.ActiveCfg = Release|Any CPU
		{60055010-0640-476B-9122-629539814067}.Release|Any CPU.Build.0 = Release|Any CPU
	EndGlobalSection
	GlobalSection(SolutionProperties) = preSolution
		HideSolutionNode = FALSE
	EndGlobalSection
	GlobalSection(ExtensibilityGlobals) = postSolution
		SolutionGuid = {8F97A940-F851-4C97-87DA-EE93F94903D8}
	EndGlobalSection
EndGlobal
